
Microsoft Visual Studio Solution File, Format Version 11.00
# Visual Studio 2010
Project("{8BC9CEB8-8B4A-11D0-8D11-00A0C91BC942}") = "Assignment1011", "Assignment1011\Assignment1011.vcxproj", "{D270FBEC-A979-42E8-B7B2-C94F264D62F6}"
EndProject
Global
	GlobalSection(SolutionConfigurationPlatforms) = preSolution
		Debug|Win32 = Debug|Win32
		Release|Win32 = Release|Win32
	EndGlobalSection
	GlobalSection(ProjectConfigurationPlatforms) = postSolution
		{D270FBEC-A979-42E8-B7B2-C94F264D62F6}.Debug|Win32.ActiveCfg = Debug|Win32
		{D270FBEC-A979-42E8-B7B2-C94F264D62F6}.Debug|Win32.Build.0 = Debug|Win32
		{D270FBEC-A979-42E8-B7B2-C94F264D62F6}.Release|Win32.ActiveCfg = Release|Win32
		{D270FBEC-A979-42E8-B7B2-C94F264D62F6}.Release|Win32.Build.0 = Release|Win32
	EndGlobalSection
	GlobalSection(SolutionProperties) = preSolution
		HideSolutionNode = FALSE
	EndGlobalSection
EndGlobal
