
Microsoft Visual Studio Solution File, Format Version 11.00
# Visual Studio 2010
Project("{8BC9CEB8-8B4A-11D0-8D11-00A0C91BC942}") = "Assignment1105", "Assignment1105\Assignment1105.vcxproj", "{8E65C1DE-F748-41C2-8A4C-B0D6D06BE4AB}"
EndProject
Global
	GlobalSection(SolutionConfigurationPlatforms) = preSolution
		Debug|Win32 = Debug|Win32
		Release|Win32 = Release|Win32
	EndGlobalSection
	GlobalSection(ProjectConfigurationPlatforms) = postSolution
		{8E65C1DE-F748-41C2-8A4C-B0D6D06BE4AB}.Debug|Win32.ActiveCfg = Debug|Win32
		{8E65C1DE-F748-41C2-8A4C-B0D6D06BE4AB}.Debug|Win32.Build.0 = Debug|Win32
		{8E65C1DE-F748-41C2-8A4C-B0D6D06BE4AB}.Release|Win32.ActiveCfg = Release|Win32
		{8E65C1DE-F748-41C2-8A4C-B0D6D06BE4AB}.Release|Win32.Build.0 = Release|Win32
	EndGlobalSection
	GlobalSection(SolutionProperties) = preSolution
		HideSolutionNode = FALSE
	EndGlobalSection
EndGlobal
